
Microsoft Visual Studio Solution File, Format Version 12.00
# Visual Studio 14
VisualStudioVersion = 14.0.23107.0
MinimumVisualStudioVersion = 10.0.40219.1
Project("{2150E333-8FDC-42A3-9474-1A3956D46DE8}") = "src", "src", "{E8C6ED12-EF08-4AAC-A160-89BAC0B1504E}"
EndProject
Project("{2150E333-8FDC-42A3-9474-1A3956D46DE8}") = "Solution Items", "Solution Items", "{A9F02539-FEF0-4CE5-9E3C-11BD299E471C}"
	ProjectSection(SolutionItems) = preProject
		global.json = global.json
		NuGet.Config = NuGet.Config
		..\README.md = ..\README.md
	EndProjectSection
EndProject
Project("{8BB2217D-0F2D-49D1-97BC-3654ED321F3B}") = "TestAppDnx8Auth", "src\TestAppDnx8Auth\TestAppDnx8Auth.xproj", "{89BC9DBC-B0B9-4247-9E07-38A5E267D052}"
EndProject
Global
	GlobalSection(SolutionConfigurationPlatforms) = preSolution
		Debug|Any CPU = Debug|Any CPU
		Release|Any CPU = Release|Any CPU
	EndGlobalSection
	GlobalSection(ProjectConfigurationPlatforms) = postSolution
		{89BC9DBC-B0B9-4247-9E07-38A5E267D052}.Debug|Any CPU.ActiveCfg = Debug|Any CPU
		{89BC9DBC-B0B9-4247-9E07-38A5E267D052}.Debug|Any CPU.Build.0 = Debug|Any CPU
		{89BC9DBC-B0B9-4247-9E07-38A5E267D052}.Release|Any CPU.ActiveCfg = Release|Any CPU
		{89BC9DBC-B0B9-4247-9E07-38A5E267D052}.Release|Any CPU.Build.0 = Release|Any CPU
	EndGlobalSection
	GlobalSection(SolutionProperties) = preSolution
		HideSolutionNode = FALSE
	EndGlobalSection
	GlobalSection(NestedProjects) = preSolution
		{89BC9DBC-B0B9-4247-9E07-38A5E267D052} = {E8C6ED12-EF08-4AAC-A160-89BAC0B1504E}
	EndGlobalSection
EndGlobal
